
Microsoft Visual Studio Solution File, Format Version 12.00
# Visual Studio Version 16
VisualStudioVersion = 16.0.30114.105
MinimumVisualStudioVersion = 10.0.40219.1
Project("{9A19103F-16F7-4668-BE54-9A1E7A4F7556}") = "WorldCities", "WorldCities.csproj", "{FEBD1CA7-5FAC-45B2-8B2F-F15BD13666BF}"
EndProject
Global
	GlobalSection(SolutionConfigurationPlatforms) = preSolution
		Debug|Any CPU = Debug|Any CPU
		Release|Any CPU = Release|Any CPU
	EndGlobalSection
	GlobalSection(ProjectConfigurationPlatforms) = postSolution
		{FEBD1CA7-5FAC-45B2-8B2F-F15BD13666BF}.Debug|Any CPU.ActiveCfg = Debug|Any CPU
		{FEBD1CA7-5FAC-45B2-8B2F-F15BD13666BF}.Debug|Any CPU.Build.0 = Debug|Any CPU
		{FEBD1CA7-5FAC-45B2-8B2F-F15BD13666BF}.Release|Any CPU.ActiveCfg = Release|Any CPU
		{FEBD1CA7-5FAC-45B2-8B2F-F15BD13666BF}.Release|Any CPU.Build.0 = Release|Any CPU
	EndGlobalSection
	GlobalSection(SolutionProperties) = preSolution
		HideSolutionNode = FALSE
	EndGlobalSection
	GlobalSection(ExtensibilityGlobals) = postSolution
		SolutionGuid = {64693A13-7D71-41A4-83EA-8E80C9F2D4DF}
	EndGlobalSection
EndGlobal
